// !$*UTF8*$!
{
	archiveVersion = 1;
	classes = {
	};
	objectVersion = 50;
	objects = {

/* Begin PBXBuildFile section */
		D9B1011F21D6AA0F005F2672 /* AppDelegate.swift in Sources */ = {isa = PBXBuildFile; fileRef = D9B1011E21D6AA0F005F2672 /* AppDelegate.swift */; };
		D9B1012121D6AA0F005F2672 /* ViewController.swift in Sources */ = {isa = PBXBuildFile; fileRef = D9B1012021D6AA0F005F2672 /* ViewController.swift */; };
		D9B1012421D6AA0F005F2672 /* Main.storyboard in Resources */ = {isa = PBXBuildFile; fileRef = D9B1012221D6AA0F005F2672 /* Main.storyboard */; };
		D9B1012621D6AA12005F2672 /* Assets.xcassets in Resources */ = {isa = PBXBuildFile; fileRef = D9B1012521D6AA12005F2672 /* Assets.xcassets */; };
		D9B1012921D6AA12005F2672 /* LaunchScreen.storyboard in Resources */ = {isa = PBXBuildFile; fileRef = D9B1012721D6AA12005F2672 /* LaunchScreen.storyboard */; };
		D9B1013421D6AA12005F2672 /* TippyTests.swift in Sources */ = {isa = PBXBuildFile; fileRef = D9B1013321D6AA12005F2672 /* TippyTests.swift */; };
		D9B1013F21D6AA13005F2672 /* TippyUITests.swift in Sources */ = {isa = PBXBuildFile; fileRef = D9B1013E21D6AA13005F2672 /* TippyUITests.swift */; };
/* End PBXBuildFile section */

/* Begin PBXContainerItemProxy section */
		D9B1013021D6AA12005F2672 /* PBXContainerItemProxy */ = {
			isa = PBXContainerItemProxy;
			containerPortal = D9B1011321D6AA0F005F2672 /* Project object */;
			proxyType = 1;
			remoteGlobalIDString = D9B1011A21D6AA0F005F2672;
			remoteInfo = Tippy;
		};
		D9B1013B21D6AA13005F2672 /* PBXContainerItemProxy */ = {
			isa = PBXContainerItemProxy;
			containerPortal = D9B1011321D6AA0F005F2672 /* Project object */;
			proxyType = 1;
			remoteGlobalIDString = D9B1011A21D6AA0F005F2672;
			remoteInfo = Tippy;
		};
/* End PBXContainerItemProxy section */

/* Begin PBXFileReference section */
		D9B1011B21D6AA0F005F2672 /* Tippy.app */ = {isa = PBXFileReference; explicitFileType = wrapper.application; includeInIndex = 0; path = Tippy.app; sourceTree = BUILT_PRODUCTS_DIR; };
		D9B1011E21D6AA0F005F2672 /* AppDelegate.swift */ = {isa = PBXFileReference; lastKnownFileType = sourcecode.swift; path = AppDelegate.swift; sourceTree = "<group>"; };
		D9B1012021D6AA0F005F2672 /* ViewController.swift */ = {isa = PBXFileReference; lastKnownFileType = sourcecode.swift; path = ViewController.swift; sourceTree = "<group>"; };
		D9B1012321D6AA0F005F2672 /* Base */ = {isa = PBXFileReference; lastKnownFileType = file.storyboard; name = Base; path = Base.lproj/Main.storyboard; sourceTree = "<group>"; };
		D9B1012521D6AA12005F2672 /* Assets.xcassets */ = {isa = PBXFileReference; lastKnownFileType = folder.assetcatalog; path = Assets.xcassets; sourceTree = "<group>"; };
		D9B1012821D6AA12005F2672 /* Base */ = {isa = PBXFileReference; lastKnownFileType = file.storyboard; name = Base; path = Base.lproj/LaunchScreen.storyboard; sourceTree = "<group>"; };
		D9B1012A21D6AA12005F2672 /* Info.plist */ = {isa = PBXFileReference; lastKnownFileType = text.plist.xml; path = Info.plist; sourceTree = "<group>"; };
		D9B1012F21D6AA12005F2672 /* TippyTests.xctest */ = {isa = PBXFileReference; explicitFileType = wrapper.cfbundle; includeInIndex = 0; path = TippyTests.xctest; sourceTree = BUILT_PRODUCTS_DIR; };
		D9B1013321D6AA12005F2672 /* TippyTests.swift */ = {isa = PBXFileReference; lastKnownFileType = sourcecode.swift; path = TippyTests.swift; sourceTree = "<group>"; };
		D9B1013521D6AA12005F2672 /* Info.plist */ = {isa = PBXFileReference; lastKnownFileType = text.plist.xml; path = Info.plist; sourceTree = "<group>"; };
		D9B1013A21D6AA13005F2672 /* TippyUITests.xctest */ = {isa = PBXFileReference; explicitFileType = wrapper.cfbundle; includeInIndex = 0; path = TippyUITests.xctest; sourceTree = BUILT_PRODUCTS_DIR; };
		D9B1013E21D6AA13005F2672 /* TippyUITests.swift */ = {isa = PBXFileReference; lastKnownFileType = sourcecode.swift; path = TippyUITests.swift; sourceTree = "<group>"; };
		D9B1014021D6AA13005F2672 /* Info.plist */ = {isa = PBXFileReference; lastKnownFileType = text.plist.xml; path = Info.plist; sourceTree = "<group>"; };
/* End PBXFileReference section */

/* Begin PBXFrameworksBuildPhase section */
		D9B1011821D6AA0F005F2672 /* Frameworks */ = {
			isa = PBXFrameworksBuildPhase;
			buildActionMask = 2147483647;
			files = (
			);
			runOnlyForDeploymentPostprocessing = 0;
		};
		D9B1012C21D6AA12005F2672 /* Frameworks */ = {
			isa = PBXFrameworksBuildPhase;
			buildActionMask = 2147483647;
			files = (
			);
			runOnlyForDeploymentPostprocessing = 0;
		};
		D9B1013721D6AA13005F2672 /* Frameworks */ = {
			isa = PBXFrameworksBuildPhase;
			buildActionMask = 2147483647;
			files = (
			);
			runOnlyForDeploymentPostprocessing = 0;
		};
/* End PBXFrameworksBuildPhase section */

/* Begin PBXGroup section */
		D9B1011221D6AA0F005F2672 = {
			isa = PBXGroup;
			children = (
				D9B1011D21D6AA0F005F2672 /* Tippy */,
				D9B1013221D6AA12005F2672 /* TippyTests */,
				D9B1013D21D6AA13005F2672 /* TippyUITests */,
				D9B1011C21D6AA0F005F2672 /* Products */,
			);
			sourceTree = "<group>";
		};
		D9B1011C21D6AA0F005F2672 /* Products */ = {
			isa = PBXGroup;
			children = (
				D9B1011B21D6AA0F005F2672 /* Tippy.app */,
				D9B1012F21D6AA12005F2672 /* TippyTests.xctest */,
				D9B1013A21D6AA13005F2672 /* TippyUITests.xctest */,
			);
			name = Products;
			sourceTree = "<group>";
		};
		D9B1011D21D6AA0F005F2672 /* Tippy */ = {
			isa = PBXGroup;
			children = (
				D9B1011E21D6AA0F005F2672 /* AppDelegate.swift */,
				D9B1012021D6AA0F005F2672 /* ViewController.swift */,
				D9B1012221D6AA0F005F2672 /* Main.storyboard */,
				D9B1012521D6AA12005F2672 /* Assets.xcassets */,
				D9B1012721D6AA12005F2672 /* LaunchScreen.storyboard */,
				D9B1012A21D6AA12005F2672 /* Info.plist */,
			);
			path = Tippy;
			sourceTree = "<group>";
		};
		D9B1013221D6AA12005F2672 /* TippyTests */ = {
			isa = PBXGroup;
			children = (
				D9B1013321D6AA12005F2672 /* TippyTests.swift */,
				D9B1013521D6AA12005F2672 /* Info.plist */,
			);
			path = TippyTests;
			sourceTree = "<group>";
		};
		D9B1013D21D6AA13005F2672 /* TippyUITests */ = {
			isa = PBXGroup;
			children = (
				D9B1013E21D6AA13005F2672 /* TippyUITests.swift */,
				D9B1014021D6AA13005F2672 /* Info.plist */,
			);
			path = TippyUITests;
			sourceTree = "<group>";
		};
/* End PBXGroup section */

/* Begin PBXNativeTarget section */
		D9B1011A21D6AA0F005F2672 /* Tippy */ = {
			isa = PBXNativeTarget;
			buildConfigurationList = D9B1014321D6AA13005F2672 /* Build configuration list for PBXNativeTarget "Tippy" */;
			buildPhases = (
				D9B1011721D6AA0F005F2672 /* Sources */,
				D9B1011821D6AA0F005F2672 /* Frameworks */,
				D9B1011921D6AA0F005F2672 /* Resources */,
			);
			buildRules = (
			);
			dependencies = (
			);
			name = Tippy;
			productName = Tippy;
			productReference = D9B1011B21D6AA0F005F2672 /* Tippy.app */;
			productType = "com.apple.product-type.application";
		};
		D9B1012E21D6AA12005F2672 /* TippyTests */ = {
			isa = PBXNativeTarget;
			buildConfigurationList = D9B1014621D6AA13005F2672 /* Build configuration list for PBXNativeTarget "TippyTests" */;
			buildPhases = (
				D9B1012B21D6AA12005F2672 /* Sources */,
				D9B1012C21D6AA12005F2672 /* Frameworks */,
				D9B1012D21D6AA12005F2672 /* Resources */,
			);
			buildRules = (
			);
			dependencies = (
				D9B1013121D6AA12005F2672 /* PBXTargetDependency */,
			);
			name = TippyTests;
			productName = TippyTests;
			productReference = D9B1012F21D6AA12005F2672 /* TippyTests.xctest */;
			productType = "com.apple.product-type.bundle.unit-test";
		};
		D9B1013921D6AA13005F2672 /* TippyUITests */ = {
			isa = PBXNativeTarget;
			buildConfigurationList = D9B1014921D6AA13005F2672 /* Build configuration list for PBXNativeTarget "TippyUITests" */;
			buildPhases = (
				D9B1013621D6AA13005F2672 /* Sources */,
				D9B1013721D6AA13005F2672 /* Frameworks */,
				D9B1013821D6AA13005F2672 /* Resources */,
			);
			buildRules = (
			);
			dependencies = (
				D9B1013C21D6AA13005F2672 /* PBXTargetDependency */,
			);
			name = TippyUITests;
			productName = TippyUITests;
			productReference = D9B1013A21D6AA13005F2672 /* TippyUITests.xctest */;
			productType = "com.apple.product-type.bundle.ui-testing";
		};
/* End PBXNativeTarget section */

/* Begin PBXProject section */
		D9B1011321D6AA0F005F2672 /* Project object */ = {
			isa = PBXProject;
			attributes = {
				LastSwiftUpdateCheck = 1010;
				LastUpgradeCheck = 1010;
				ORGANIZATIONNAME = "Aung Myint";
				TargetAttributes = {
					D9B1011A21D6AA0F005F2672 = {
						CreatedOnToolsVersion = 10.1;
					};
					D9B1012E21D6AA12005F2672 = {
						CreatedOnToolsVersion = 10.1;
						TestTargetID = D9B1011A21D6AA0F005F2672;
					};
					D9B1013921D6AA13005F2672 = {
						CreatedOnToolsVersion = 10.1;
						TestTargetID = D9B1011A21D6AA0F005F2672;
					};
				};
			};
			buildConfigurationList = D9B1011621D6AA0F005F2672 /* Build configuration list for PBXProject "Tippy" */;
			compatibilityVersion = "Xcode 9.3";
			developmentRegion = en;
			hasScannedForEncodings = 0;
			knownRegions = (
				en,
				Base,
			);
			mainGroup = D9B1011221D6AA0F005F2672;
			productRefGroup = D9B1011C21D6AA0F005F2672 /* Products */;
			projectDirPath = "";
			projectRoot = "";
			targets = (
				D9B1011A21D6AA0F005F2672 /* Tippy */,
				D9B1012E21D6AA12005F2672 /* TippyTests */,
				D9B1013921D6AA13005F2672 /* TippyUITests */,
			);
		};
/* End PBXProject section */

/* Begin PBXResourcesBuildPhase section */
		D9B1011921D6AA0F005F2672 /* Resources */ = {
			isa = PBXResourcesBuildPhase;
			buildActionMask = 2147483647;
			files = (
				D9B1012921D6AA12005F2672 /* LaunchScreen.storyboard in Resources */,
				D9B1012621D6AA12005F2672 /* Assets.xcassets in Resources */,
				D9B1012421D6AA0F005F2672 /* Main.storyboard in Resources */,
			);
			runOnlyForDeploymentPostprocessing = 0;
		};
		D9B1012D21D6AA12005F2672 /* Resources */ = {
			isa = PBXResourcesBuildPhase;
			buildActionMask = 2147483647;
			files = (
			);
			runOnlyForDeploymentPostprocessing = 0;
		};
		D9B1013821D6AA13005F2672 /* Resources */ = {
			isa = PBXResourcesBuildPhase;
			buildActionMask = 2147483647;
			files = (
			);
			runOnlyForDeploymentPostprocessing = 0;
		};
/* End PBXResourcesBuildPhase section */

/* Begin PBXSourcesBuildPhase section */
		D9B1011721D6AA0F005F2672 /* Sources */ = {
			isa = PBXSourcesBuildPhase;
			buildActionMask = 2147483647;
			files = (
				D9B1012121D6AA0F005F2672 /* ViewController.swift in Sources */,
				D9B1011F21D6AA0F005F2672 /* AppDelegate.swift in Sources */,
			);
			runOnlyForDeploymentPostprocessing = 0;
		};
		D9B1012B21D6AA12005F2672 /* Sources */ = {
			isa = PBXSourcesBuildPhase;
			buildActionMask = 2147483647;
			files = (
				D9B1013421D6AA12005F2672 /* TippyTests.swift in Sources */,
			);
			runOnlyForDeploymentPostprocessing = 0;
		};
		D9B1013621D6AA13005F2672 /* Sources */ = {
			isa = PBXSourcesBuildPhase;
			buildActionMask = 2147483647;
			files = (
				D9B1013F21D6AA13005F2672 /* TippyUITests.swift in Sources */,
			);
			runOnlyForDeploymentPostprocessing = 0;
		};
/* End PBXSourcesBuildPhase section */

/* Begin PBXTargetDependency section */
		D9B1013121D6AA12005F2672 /* PBXTargetDependency */ = {
			isa = PBXTargetDependency;
			target = D9B1011A21D6AA0F005F2672 /* Tippy */;
			targetProxy = D9B1013021D6AA12005F2672 /* PBXContainerItemProxy */;
		};
		D9B1013C21D6AA13005F2672 /* PBXTargetDependency */ = {
			isa = PBXTargetDependency;
			target = D9B1011A21D6AA0F005F2672 /* Tippy */;
			targetProxy = D9B1013B21D6AA13005F2672 /* PBXContainerItemProxy */;
		};
/* End PBXTargetDependency section */

/* Begin PBXVariantGroup section */
		D9B1012221D6AA0F005F2672 /* Main.storyboard */ = {
			isa = PBXVariantGroup;
			children = (
				D9B1012321D6AA0F005F2672 /* Base */,
			);
			name = Main.storyboard;
			sourceTree = "<group>";
		};
		D9B1012721D6AA12005F2672 /* LaunchScreen.storyboard */ = {
			isa = PBXVariantGroup;
			children = (
				D9B1012821D6AA12005F2672 /* Base */,
			);
			name = LaunchScreen.storyboard;
			sourceTree = "<group>";
		};
/* End PBXVariantGroup section */

/* Begin XCBuildConfiguration section */
		D9B1014121D6AA13005F2672 /* Debug */ = {
			isa = XCBuildConfiguration;
			buildSettings = {
				ALWAYS_SEARCH_USER_PATHS = NO;
				CLANG_ANALYZER_NONNULL = YES;
				CLANG_ANALYZER_NUMBER_OBJECT_CONVERSION = YES_AGGRESSIVE;
				CLANG_CXX_LANGUAGE_STANDARD = "gnu++14";
				CLANG_CXX_LIBRARY = "libc++";
				CLANG_ENABLE_MODULES = YES;
				CLANG_ENABLE_OBJC_ARC = YES;
				CLANG_ENABLE_OBJC_WEAK = YES;
				CLANG_WARN_BLOCK_CAPTURE_AUTORELEASING = YES;
				CLANG_WARN_BOOL_CONVERSION = YES;
				CLANG_WARN_COMMA = YES;
				CLANG_WARN_CONSTANT_CONVERSION = YES;
				CLANG_WARN_DEPRECATED_OBJC_IMPLEMENTATIONS = YES;
				CLANG_WARN_DIRECT_OBJC_ISA_USAGE = YES_ERROR;
				CLANG_WARN_DOCUMENTATION_COMMENTS = YES;
				CLANG_WARN_EMPTY_BODY = YES;
				CLANG_WARN_ENUM_CONVERSION = YES;
				CLANG_WARN_INFINITE_RECURSION = YES;
				CLANG_WARN_INT_CONVERSION = YES;
				CLANG_WARN_NON_LITERAL_NULL_CONVERSION = YES;
				CLANG_WARN_OBJC_IMPLICIT_RETAIN_SELF = YES;
				CLANG_WARN_OBJC_LITERAL_CONVERSION = YES;
				CLANG_WARN_OBJC_ROOT_CLASS = YES_ERROR;
				CLANG_WARN_RANGE_LOOP_ANALYSIS = YES;
				CLANG_WARN_STRICT_PROTOTYPES = YES;
				CLANG_WARN_SUSPICIOUS_MOVE = YES;
				CLANG_WARN_UNGUARDED_AVAILABILITY = YES_AGGRESSIVE;
				CLANG_WARN_UNREACHABLE_CODE = YES;
				CLANG_WARN__DUPLICATE_METHOD_MATCH = YES;
				CODE_SIGN_IDENTITY = "iPhone Developer";
				COPY_PHASE_STRIP = NO;
				DEBUG_INFORMATION_FORMAT = dwarf;
				ENABLE_STRICT_OBJC_MSGSEND = YES;
				ENABLE_TESTABILITY = YES;
				GCC_C_LANGUAGE_STANDARD = gnu11;
				GCC_DYNAMIC_NO_PIC = NO;
				GCC_NO_COMMON_BLOCKS = YES;
				GCC_OPTIMIZATION_LEVEL = 0;
				GCC_PREPROCESSOR_DEFINITIONS = (
					"DEBUG=1",
					"$(inherited)",
				);
				GCC_WARN_64_TO_32_BIT_CONVERSION = YES;
				GCC_WARN_ABOUT_RETURN_TYPE = YES_ERROR;
				GCC_WARN_UNDECLARED_SELECTOR = YES;
				GCC_WARN_UNINITIALIZED_AUTOS = YES_AGGRESSIVE;
				GCC_WARN_UNUSED_FUNCTION = YES;
				GCC_WARN_UNUSED_VARIABLE = YES;
				IPHONEOS_DEPLOYMENT_TARGET = 12.1;
				MTL_ENABLE_DEBUG_INFO = INCLUDE_SOURCE;
				MTL_FAST_MATH = YES;
				ONLY_ACTIVE_ARCH = YES;
				SDKROOT = iphoneos;
				SWIFT_ACTIVE_COMPILATION_CONDITIONS = DEBUG;
				SWIFT_OPTIMIZATION_LEVEL = "-Onone";
			};
			name = Debug;
		};
		D9B1014221D6AA13005F2672 /* Release */ = {
			isa = XCBuildConfiguration;
			buildSettings = {
				ALWAYS_SEARCH_USER_PATHS = NO;
				CLANG_ANALYZER_NONNULL = YES;
				CLANG_ANALYZER_NUMBER_OBJECT_CONVERSION = YES_AGGRESSIVE;
				CLANG_CXX_LANGUAGE_STANDARD = "gnu++14";
				CLANG_CXX_LIBRARY = "libc++";
				CLANG_ENABLE_MODULES = YES;
				CLANG_ENABLE_OBJC_ARC = YES;
				CLANG_ENABLE_OBJC_WEAK = YES;
				CLANG_WARN_BLOCK_CAPTURE_AUTORELEASING = YES;
				CLANG_WARN_BOOL_CONVERSION = YES;
				CLANG_WARN_COMMA = YES;
				CLANG_WARN_CONSTANT_CONVERSION = YES;
				CLANG_WARN_DEPRECATED_OBJC_IMPLEMENTATIONS = YES;
				CLANG_WARN_DIRECT_OBJC_ISA_USAGE = YES_ERROR;
				CLANG_WARN_DOCUMENTATION_COMMENTS = YES;
				CLANG_WARN_EMPTY_BODY = YES;
				CLANG_WARN_ENUM_CONVERSION = YES;
				CLANG_WARN_INFINITE_RECURSION = YES;
				CLANG_WARN_INT_CONVERSION = YES;
				CLANG_WARN_NON_LITERAL_NULL_CONVERSION = YES;
				CLANG_WARN_OBJC_IMPLICIT_RETAIN_SELF = YES;
				CLANG_WARN_OBJC_LITERAL_CONVERSION = YES;
				CLANG_WARN_OBJC_ROOT_CLASS = YES_ERROR;
				CLANG_WARN_RANGE_LOOP_ANALYSIS = YES;
				CLANG_WARN_STRICT_PROTOTYPES = YES;
				CLANG_WARN_SUSPICIOUS_MOVE = YES;
				CLANG_WARN_UNGUARDED_AVAILABILITY = YES_AGGRESSIVE;
				CLANG_WARN_UNREACHABLE_CODE = YES;
				CLANG_WARN__DUPLICATE_METHOD_MATCH = YES;
				CODE_SIGN_IDENTITY = "iPhone Developer";
				COPY_PHASE_STRIP = NO;
				DEBUG_INFORMATION_FORMAT = "dwarf-with-dsym";
				ENABLE_NS_ASSERTIONS = NO;
				ENABLE_STRICT_OBJC_MSGSEND = YES;
				GCC_C_LANGUAGE_STANDARD = gnu11;
				GCC_NO_COMMON_BLOCKS = YES;
				GCC_WARN_64_TO_32_BIT_CONVERSION = YES;
				GCC_WARN_ABOUT_RETURN_TYPE = YES_ERROR;
				GCC_WARN_UNDECLARED_SELECTOR = YES;
				GCC_WARN_UNINITIALIZED_AUTOS = YES_AGGRESSIVE;
				GCC_WARN_UNUSED_FUNCTION = YES;
				GCC_WARN_UNUSED_VARIABLE = YES;
				IPHONEOS_DEPLOYMENT_TARGET = 12.1;
				MTL_ENABLE_DEBUG_INFO = NO;
				MTL_FAST_MATH = YES;
				SDKROOT = iphoneos;
				SWIFT_COMPILATION_MODE = wholemodule;
				SWIFT_OPTIMIZATION_LEVEL = "-O";
				VALIDATE_PRODUCT = YES;
			};
			name = Release;
		};
		D9B1014421D6AA13005F2672 /* Debug */ = {
			isa = XCBuildConfiguration;
			buildSettings = {
				ASSETCATALOG_COMPILER_APPICON_NAME = AppIcon;
				CODE_SIGN_STYLE = Automatic;
				INFOPLIST_FILE = Tippy/Info.plist;
				LD_RUNPATH_SEARCH_PATHS = (
					"$(inherited)",
					"@executable_path/Frameworks",
				);
				PRODUCT_BUNDLE_IDENTIFIER = aung.Tippy;
				PRODUCT_NAME = "$(TARGET_NAME)";
				SWIFT_VERSION = 4.2;
				TARGETED_DEVICE_FAMILY = "1,2";
			};
			name = Debug;
		};
		D9B1014521D6AA13005F2672 /* Release */ = {
			isa = XCBuildConfiguration;
			buildSettings = {
				ASSETCATALOG_COMPILER_APPICON_NAME = AppIcon;
				CODE_SIGN_STYLE = Automatic;
				INFOPLIST_FILE = Tippy/Info.plist;
				LD_RUNPATH_SEARCH_PATHS = (
					"$(inherited)",
					"@executable_path/Frameworks",
				);
				PRODUCT_BUNDLE_IDENTIFIER = aung.Tippy;
				PRODUCT_NAME = "$(TARGET_NAME)";
				SWIFT_VERSION = 4.2;
				TARGETED_DEVICE_FAMILY = "1,2";
			};
			name = Release;
		};
		D9B1014721D6AA13005F2672 /* Debug */ = {
			isa = XCBuildConfiguration;
			buildSettings = {
				ALWAYS_EMBED_SWIFT_STANDARD_LIBRARIES = YES;
				BUNDLE_LOADER = "$(TEST_HOST)";
				CODE_SIGN_STYLE = Automatic;
				INFOPLIST_FILE = TippyTests/Info.plist;
				LD_RUNPATH_SEARCH_PATHS = (
					"$(inherited)",
					"@executable_path/Frameworks",
					"@loader_path/Frameworks",
				);
				PRODUCT_BUNDLE_IDENTIFIER = aung.TippyTests;
				PRODUCT_NAME = "$(TARGET_NAME)";
				SWIFT_VERSION = 4.2;
				TARGETED_DEVICE_FAMILY = "1,2";
				TEST_HOST = "$(BUILT_PRODUCTS_DIR)/Tippy.app/Tippy";
			};
			name = Debug;
		};
		D9B1014821D6AA13005F2672 /* Release */ = {
			isa = XCBuildConfiguration;
			buildSettings = {
				ALWAYS_EMBED_SWIFT_STANDARD_LIBRARIES = YES;
				BUNDLE_LOADER = "$(TEST_HOST)";
				CODE_SIGN_STYLE = Automatic;
				INFOPLIST_FILE = TippyTests/Info.plist;
				LD_RUNPATH_SEARCH_PATHS = (
					"$(inherited)",
					"@executable_path/Frameworks",
					"@loader_path/Frameworks",
				);
				PRODUCT_BUNDLE_IDENTIFIER = aung.TippyTests;
				PRODUCT_NAME = "$(TARGET_NAME)";
				SWIFT_VERSION = 4.2;
				TARGETED_DEVICE_FAMILY = "1,2";
				TEST_HOST = "$(BUILT_PRODUCTS_DIR)/Tippy.app/Tippy";
			};
			name = Release;
		};
		D9B1014A21D6AA13005F2672 /* Debug */ = {
			isa = XCBuildConfiguration;
			buildSettings = {
				ALWAYS_EMBED_SWIFT_STANDARD_LIBRARIES = YES;
				CODE_SIGN_STYLE = Automatic;
				INFOPLIST_FILE = TippyUITests/Info.plist;
				LD_RUNPATH_SEARCH_PATHS = (
					"$(inherited)",
					"@executable_path/Frameworks",
					"@loader_path/Frameworks",
				);
				PRODUCT_BUNDLE_IDENTIFIER = aung.TippyUITests;
				PRODUCT_NAME = "$(TARGET_NAME)";
				SWIFT_VERSION = 4.2;
				TARGETED_DEVICE_FAMILY = "1,2";
				TEST_TARGET_NAME = Tippy;
			};
			name = Debug;
		};
		D9B1014B21D6AA13005F2672 /* Release */ = {
			isa = XCBuildConfiguration;
			buildSettings = {
				ALWAYS_EMBED_SWIFT_STANDARD_LIBRARIES = YES;
				CODE_SIGN_STYLE = Automatic;
				INFOPLIST_FILE = TippyUITests/Info.plist;
				LD_RUNPATH_SEARCH_PATHS = (
					"$(inherited)",
					"@executable_path/Frameworks",
					"@loader_path/Frameworks",
				);
				PRODUCT_BUNDLE_IDENTIFIER = aung.TippyUITests;
				PRODUCT_NAME = "$(TARGET_NAME)";
				SWIFT_VERSION = 4.2;
				TARGETED_DEVICE_FAMILY = "1,2";
				TEST_TARGET_NAME = Tippy;
			};
			name = Release;
		};
/* End XCBuildConfiguration section */

/* Begin XCConfigurationList section */
		D9B1011621D6AA0F005F2672 /* Build configuration list for PBXProject "Tippy" */ = {
			isa = XCConfigurationList;
			buildConfigurations = (
				D9B1014121D6AA13005F2672 /* Debug */,
				D9B1014221D6AA13005F2672 /* Release */,
			);
			defaultConfigurationIsVisible = 0;
			defaultConfigurationName = Release;
		};
		D9B1014321D6AA13005F2672 /* Build configuration list for PBXNativeTarget "Tippy" */ = {
			isa = XCConfigurationList;
			buildConfigurations = (
				D9B1014421D6AA13005F2672 /* Debug */,
				D9B1014521D6AA13005F2672 /* Release */,
			);
			defaultConfigurationIsVisible = 0;
			defaultConfigurationName = Release;
		};
		D9B1014621D6AA13005F2672 /* Build configuration list for PBXNativeTarget "TippyTests" */ = {
			isa = XCConfigurationList;
			buildConfigurations = (
				D9B1014721D6AA13005F2672 /* Debug */,
				D9B1014821D6AA13005F2672 /* Release */,
			);
			defaultConfigurationIsVisible = 0;
			defaultConfigurationName = Release;
		};
		D9B1014921D6AA13005F2672 /* Build configuration list for PBXNativeTarget "TippyUITests" */ = {
			isa = XCConfigurationList;
			buildConfigurations = (
				D9B1014A21D6AA13005F2672 /* Debug */,
				D9B1014B21D6AA13005F2672 /* Release */,
			);
			defaultConfigurationIsVisible = 0;
			defaultConfigurationName = Release;
		};
/* End XCConfigurationList section */
	};
	rootObject = D9B1011321D6AA0F005F2672 /* Project object */;
}
